
Microsoft Visual Studio Solution File, Format Version 12.00
# Visual Studio Version 17
VisualStudioVersion = 17.8.34316.72
MinimumVisualStudioVersion = 10.0.40219.1
Project("{2150E333-8FDC-42A3-9474-1A3956D46DE8}") = "src", "src", "{B6D74F4E-E76A-4C7F-912C-662BDC20804E}"
EndProject
Project("{2150E333-8FDC-42A3-9474-1A3956D46DE8}") = "test", "test", "{18745428-7FD8-43B3-A6EF-16489C780758}"
EndProject
Project("{9A19103F-16F7-4668-BE54-9A1E7A4F7556}") = "CRM.API", "CRM.API\CRM.API.csproj", "{1E50586C-B806-4CA7-8BC9-D051888DBF9E}"
EndProject
Project("{9A19103F-16F7-4668-BE54-9A1E7A4F7556}") = "CRM.Application", "CRM.Application\CRM.Application.csproj", "{21AF3B40-7003-42DE-9715-4E81CB5F9623}"
EndProject
Project("{9A19103F-16F7-4668-BE54-9A1E7A4F7556}") = "CRM.Domain", "CRM.Domain\CRM.Domain.csproj", "{0835ED2D-A22A-4894-84E7-CB15DDD39A2F}"
EndProject
Project("{9A19103F-16F7-4668-BE54-9A1E7A4F7556}") = "CRM.Infrastructure", "CRM.Infrastructure\CRM.Infrastructure.csproj", "{54E2CF63-6DE8-40C5-B22F-2BCD9133D287}"
EndProject
Project("{9A19103F-16F7-4668-BE54-9A1E7A4F7556}") = "CRM.Utilities", "CRM.Utilities\CRM.Utilities.csproj", "{114D454B-879E-4733-9A42-C32F6863A221}"
EndProject
Project("{E53339B2-1760-4266-BCC7-CA923CBCF16C}") = "docker-compose", "docker-compose.dcproj", "{95B3CB43-30D3-423B-AC67-E0AA97284D9F}"
EndProject
Global
	GlobalSection(SolutionConfigurationPlatforms) = preSolution
		Debug|Any CPU = Debug|Any CPU
		Release|Any CPU = Release|Any CPU
	EndGlobalSection
	GlobalSection(ProjectConfigurationPlatforms) = postSolution
		{1E50586C-B806-4CA7-8BC9-D051888DBF9E}.Debug|Any CPU.ActiveCfg = Debug|Any CPU
		{1E50586C-B806-4CA7-8BC9-D051888DBF9E}.Debug|Any CPU.Build.0 = Debug|Any CPU
		{1E50586C-B806-4CA7-8BC9-D051888DBF9E}.Release|Any CPU.ActiveCfg = Release|Any CPU
		{1E50586C-B806-4CA7-8BC9-D051888DBF9E}.Release|Any CPU.Build.0 = Release|Any CPU
		{21AF3B40-7003-42DE-9715-4E81CB5F9623}.Debug|Any CPU.ActiveCfg = Debug|Any CPU
		{21AF3B40-7003-42DE-9715-4E81CB5F9623}.Debug|Any CPU.Build.0 = Debug|Any CPU
		{21AF3B40-7003-42DE-9715-4E81CB5F9623}.Release|Any CPU.ActiveCfg = Release|Any CPU
		{21AF3B40-7003-42DE-9715-4E81CB5F9623}.Release|Any CPU.Build.0 = Release|Any CPU
		{0835ED2D-A22A-4894-84E7-CB15DDD39A2F}.Debug|Any CPU.ActiveCfg = Debug|Any CPU
		{0835ED2D-A22A-4894-84E7-CB15DDD39A2F}.Debug|Any CPU.Build.0 = Debug|Any CPU
		{0835ED2D-A22A-4894-84E7-CB15DDD39A2F}.Release|Any CPU.ActiveCfg = Release|Any CPU
		{0835ED2D-A22A-4894-84E7-CB15DDD39A2F}.Release|Any CPU.Build.0 = Release|Any CPU
		{54E2CF63-6DE8-40C5-B22F-2BCD9133D287}.Debug|Any CPU.ActiveCfg = Debug|Any CPU
		{54E2CF63-6DE8-40C5-B22F-2BCD9133D287}.Debug|Any CPU.Build.0 = Debug|Any CPU
		{54E2CF63-6DE8-40C5-B22F-2BCD9133D287}.Release|Any CPU.ActiveCfg = Release|Any CPU
		{54E2CF63-6DE8-40C5-B22F-2BCD9133D287}.Release|Any CPU.Build.0 = Release|Any CPU
		{114D454B-879E-4733-9A42-C32F6863A221}.Debug|Any CPU.ActiveCfg = Debug|Any CPU
		{114D454B-879E-4733-9A42-C32F6863A221}.Debug|Any CPU.Build.0 = Debug|Any CPU
		{114D454B-879E-4733-9A42-C32F6863A221}.Release|Any CPU.ActiveCfg = Release|Any CPU
		{114D454B-879E-4733-9A42-C32F6863A221}.Release|Any CPU.Build.0 = Release|Any CPU
		{95B3CB43-30D3-423B-AC67-E0AA97284D9F}.Debug|Any CPU.ActiveCfg = Debug|Any CPU
		{95B3CB43-30D3-423B-AC67-E0AA97284D9F}.Debug|Any CPU.Build.0 = Debug|Any CPU
		{95B3CB43-30D3-423B-AC67-E0AA97284D9F}.Release|Any CPU.ActiveCfg = Release|Any CPU
		{95B3CB43-30D3-423B-AC67-E0AA97284D9F}.Release|Any CPU.Build.0 = Release|Any CPU
	EndGlobalSection
	GlobalSection(SolutionProperties) = preSolution
		HideSolutionNode = FALSE
	EndGlobalSection
	GlobalSection(NestedProjects) = preSolution
		{1E50586C-B806-4CA7-8BC9-D051888DBF9E} = {B6D74F4E-E76A-4C7F-912C-662BDC20804E}
		{21AF3B40-7003-42DE-9715-4E81CB5F9623} = {B6D74F4E-E76A-4C7F-912C-662BDC20804E}
		{0835ED2D-A22A-4894-84E7-CB15DDD39A2F} = {B6D74F4E-E76A-4C7F-912C-662BDC20804E}
		{54E2CF63-6DE8-40C5-B22F-2BCD9133D287} = {B6D74F4E-E76A-4C7F-912C-662BDC20804E}
		{114D454B-879E-4733-9A42-C32F6863A221} = {B6D74F4E-E76A-4C7F-912C-662BDC20804E}
	EndGlobalSection
	GlobalSection(ExtensibilityGlobals) = postSolution
		SolutionGuid = {A08EB8F2-01F9-4274-B566-6F9E14A1E32D}
	EndGlobalSection
EndGlobal
